
Microsoft Visual Studio Solution File, Format Version 12.00
# Visual Studio Version 17
VisualStudioVersion = 17.13.35931.197 d17.13
MinimumVisualStudioVersion = 10.0.40219.1
Project("{FAE04EC0-301F-11D3-BF4B-00C04F79EFBC}") = "projeto", "projeto\projeto.csproj", "{53E3FF5D-0298-46F4-AEF4-C6AA6F3F67C6}"
EndProject
Project("{FAE04EC0-301F-11D3-BF4B-00C04F79EFBC}") = "Ligação", "Ligação\Ligação.csproj", "{95FBB31A-F8FB-48FE-9FE9-42DD0125DB96}"
EndProject
Global
	GlobalSection(SolutionConfigurationPlatforms) = preSolution
		Debug|Any CPU = Debug|Any CPU
		Release|Any CPU = Release|Any CPU
	EndGlobalSection
	GlobalSection(ProjectConfigurationPlatforms) = postSolution
		{53E3FF5D-0298-46F4-AEF4-C6AA6F3F67C6}.Debug|Any CPU.ActiveCfg = Debug|Any CPU
		{53E3FF5D-0298-46F4-AEF4-C6AA6F3F67C6}.Debug|Any CPU.Build.0 = Debug|Any CPU
		{53E3FF5D-0298-46F4-AEF4-C6AA6F3F67C6}.Release|Any CPU.ActiveCfg = Release|Any CPU
		{53E3FF5D-0298-46F4-AEF4-C6AA6F3F67C6}.Release|Any CPU.Build.0 = Release|Any CPU
		{95FBB31A-F8FB-48FE-9FE9-42DD0125DB96}.Debug|Any CPU.ActiveCfg = Debug|Any CPU
		{95FBB31A-F8FB-48FE-9FE9-42DD0125DB96}.Debug|Any CPU.Build.0 = Debug|Any CPU
		{95FBB31A-F8FB-48FE-9FE9-42DD0125DB96}.Release|Any CPU.ActiveCfg = Release|Any CPU
		{95FBB31A-F8FB-48FE-9FE9-42DD0125DB96}.Release|Any CPU.Build.0 = Release|Any CPU
	EndGlobalSection
	GlobalSection(SolutionProperties) = preSolution
		HideSolutionNode = FALSE
	EndGlobalSection
	GlobalSection(ExtensibilityGlobals) = postSolution
		SolutionGuid = {AD316232-EB3C-4442-8E28-F8BBFAD93333}
	EndGlobalSection
EndGlobal
